
Microsoft Visual Studio Solution File, Format Version 12.00
# Visual Studio Version 17
VisualStudioVersion = 17.13.35825.156 d17.13
MinimumVisualStudioVersion = 10.0.40219.1
Project("{FAE04EC0-301F-11D3-BF4B-00C04F79EFBC}") = "Online_lib.Web", "Online_lib.Web\Online_lib.Web.csproj", "{07ADCB3E-926C-4191-9071-84B4B61763DB}"
EndProject
Global
	GlobalSection(SolutionConfigurationPlatforms) = preSolution
		Debug|Any CPU = Debug|Any CPU
		Release|Any CPU = Release|Any CPU
	EndGlobalSection
	GlobalSection(ProjectConfigurationPlatforms) = postSolution
		{07ADCB3E-926C-4191-9071-84B4B61763DB}.Debug|Any CPU.ActiveCfg = Debug|Any CPU
		{07ADCB3E-926C-4191-9071-84B4B61763DB}.Debug|Any CPU.Build.0 = Debug|Any CPU
		{07ADCB3E-926C-4191-9071-84B4B61763DB}.Release|Any CPU.ActiveCfg = Release|Any CPU
		{07ADCB3E-926C-4191-9071-84B4B61763DB}.Release|Any CPU.Build.0 = Release|Any CPU
	EndGlobalSection
	GlobalSection(SolutionProperties) = preSolution
		HideSolutionNode = FALSE
	EndGlobalSection
	GlobalSection(ExtensibilityGlobals) = postSolution
		SolutionGuid = {B5CFA288-B8D3-48F1-ABA0-AF02B234D177}
	EndGlobalSection
EndGlobal
